lockfileVersion: '6.0'

dependencies:
  zenn-cli:
    specifier: ^0.1.141
    version: 0.1.141

devDependencies:
  husky:
    specifier: ^8.0.3
    version: 8.0.3

packages:

  /husky@8.0.3:
    resolution: {integrity: sha512-+dQSyqPh4x1hlO1swXBiNb2HzTDN1I2IGLQx1GrBuiqFJfoMrnZWwVmatvSiO+Iz8fBUnf+lekwNo4c2LlXItg==}
    engines: {node: '>=14'}
    hasBin: true
    dev: true

  /zenn-cli@0.1.141:
    resolution: {integrity: sha512-33hYqqHZk9nYP24Za56jeFcqXsPkoYno9HDsIjdUjQxzl3/zmRaJEiHJ3qD4IId6qNduY3Vhgq3s6kJuCDVuVQ==}
    engines: {node: '>=14.0.0'}
    hasBin: true
    dev: false
